
Microsoft Visual Studio Solution File, Format Version 12.00
# Visual Studio 15
Project("{FAE04EC0-301F-11D3-BF4B-00C04F79EFBC}") = "Assembly-CSharp-firstpass", "Assembly-CSharp-firstpass.csproj", "{620CC2B3-30E1-EA51-D845-2D2EBE9F06B9}"
EndProject
Project("{FAE04EC0-301F-11D3-BF4B-00C04F79EFBC}") = "Assembly-CSharp-Editor-firstpass", "Assembly-CSharp-Editor-firstpass.csproj", "{BDB8976E-4682-329F-FEBC-07AFC5064146}"
EndProject
Project("{FAE04EC0-301F-11D3-BF4B-00C04F79EFBC}") = "Assembly-CSharp", "Assembly-CSharp.csproj", "{63FF453C-093C-D4B5-5060-95C6A24FEC85}"
EndProject
Global
	GlobalSection(SolutionConfigurationPlatforms) = preSolution
		Debug|Any CPU = Debug|Any CPU
		Release|Any CPU = Release|Any CPU
	EndGlobalSection
	GlobalSection(ProjectConfigurationPlatforms) = postSolution
		{620CC2B3-30E1-EA51-D845-2D2EBE9F06B9}.Debug|Any CPU.ActiveCfg = Debug|Any CPU
		{620CC2B3-30E1-EA51-D845-2D2EBE9F06B9}.Debug|Any CPU.Build.0 = Debug|Any CPU
		{620CC2B3-30E1-EA51-D845-2D2EBE9F06B9}.Release|Any CPU.ActiveCfg = Release|Any CPU
		{620CC2B3-30E1-EA51-D845-2D2EBE9F06B9}.Release|Any CPU.Build.0 = Release|Any CPU
		{BDB8976E-4682-329F-FEBC-07AFC5064146}.Debug|Any CPU.ActiveCfg = Debug|Any CPU
		{BDB8976E-4682-329F-FEBC-07AFC5064146}.Debug|Any CPU.Build.0 = Debug|Any CPU
		{BDB8976E-4682-329F-FEBC-07AFC5064146}.Release|Any CPU.ActiveCfg = Release|Any CPU
		{BDB8976E-4682-329F-FEBC-07AFC5064146}.Release|Any CPU.Build.0 = Release|Any CPU
		{63FF453C-093C-D4B5-5060-95C6A24FEC85}.Debug|Any CPU.ActiveCfg = Debug|Any CPU
		{63FF453C-093C-D4B5-5060-95C6A24FEC85}.Debug|Any CPU.Build.0 = Debug|Any CPU
		{63FF453C-093C-D4B5-5060-95C6A24FEC85}.Release|Any CPU.ActiveCfg = Release|Any CPU
		{63FF453C-093C-D4B5-5060-95C6A24FEC85}.Release|Any CPU.Build.0 = Release|Any CPU
	EndGlobalSection
	GlobalSection(SolutionProperties) = preSolution
		HideSolutionNode = FALSE
	EndGlobalSection
EndGlobal
